
Microsoft Visual Studio Solution File, Format Version 12.00
Project("{FAE04EC0-301F-11D3-BF4B-00C04F79EFBC}") = "wpAspNet", "wpAspNet\wpAspNet.csproj", "{B2292484-7341-463A-A82C-AAA9189929DB}"
EndProject
Global
	GlobalSection(SolutionConfigurationPlatforms) = preSolution
		Debug|Any CPU = Debug|Any CPU
		Release|Any CPU = Release|Any CPU
	EndGlobalSection
	GlobalSection(ProjectConfigurationPlatforms) = postSolution
		{B2292484-7341-463A-A82C-AAA9189929DB}.Debug|Any CPU.ActiveCfg = Debug|Any CPU
		{B2292484-7341-463A-A82C-AAA9189929DB}.Debug|Any CPU.Build.0 = Debug|Any CPU
		{B2292484-7341-463A-A82C-AAA9189929DB}.Release|Any CPU.ActiveCfg = Release|Any CPU
		{B2292484-7341-463A-A82C-AAA9189929DB}.Release|Any CPU.Build.0 = Release|Any CPU
	EndGlobalSection
EndGlobal
