
Microsoft Visual Studio Solution File, Format Version 12.00
# Visual Studio Version 16
VisualStudioVersion = 25.0.1706.12
MinimumVisualStudioVersion = 10.0.40219.1
Project("{FAE04EC0-301F-11D3-BF4B-00C04F79EFBC}") = "wpLab12", "wpLab12\wpLab12.csproj", "{B9F86D6F-FC2A-4FFF-AFA8-939A8247AC0C}"
EndProject
Global
	GlobalSection(SolutionConfigurationPlatforms) = preSolution
		Debug|Any CPU = Debug|Any CPU
		Release|Any CPU = Release|Any CPU
	EndGlobalSection
	GlobalSection(ProjectConfigurationPlatforms) = postSolution
		{B9F86D6F-FC2A-4FFF-AFA8-939A8247AC0C}.Debug|Any CPU.ActiveCfg = Debug|Any CPU
		{B9F86D6F-FC2A-4FFF-AFA8-939A8247AC0C}.Debug|Any CPU.Build.0 = Debug|Any CPU
		{B9F86D6F-FC2A-4FFF-AFA8-939A8247AC0C}.Release|Any CPU.ActiveCfg = Release|Any CPU
		{B9F86D6F-FC2A-4FFF-AFA8-939A8247AC0C}.Release|Any CPU.Build.0 = Release|Any CPU
	EndGlobalSection
	GlobalSection(SolutionProperties) = preSolution
		HideSolutionNode = FALSE
	EndGlobalSection
	GlobalSection(ExtensibilityGlobals) = postSolution
		SolutionGuid = {7079FC9E-B59A-4053-ABFE-0980CF35AD49}
	EndGlobalSection
EndGlobal
